// !$*UTF8*$!
{
	archiveVersion = 1;
	classes = {
	};
	objectVersion = 46;
	objects = {

/* Begin PBXBuildFile section */
		C6F620121703E03B0073032E /* access.c in Sources */ = {isa = PBXBuildFile; fileRef = C6F61FE01703E03B0073032E /* access.c */; };
		C6F620131703E03B0073032E /* alloc.c in Sources */ = {isa = PBXBuildFile; fileRef = C6F61FE21703E03B0073032E /* alloc.c */; };
		C6F620141703E03B0073032E /* attrask.c in Sources */ = {isa = PBXBuildFile; fileRef = C6F61FE31703E03B0073032E /* attrask.c */; };
		C6F620151703E03B0073032E /* attrdict.c in Sources */ = {isa = PBXBuildFile; fileRef = C6F61FE41703E03B0073032E /* attrdict.c */; };
		C6F620161703E03B0073032E /* attrget.c in Sources */ = {isa = PBXBuildFile; fileRef = C6F61FE61703E03B0073032E /* attrget.c */; };
		C6F620171703E03B0073032E /* attrs.c in Sources */ = {isa = PBXBuildFile; fileRef = C6F61FE71703E03B0073032E /* attrs.c */; };
		C6F620181703E03B0073032E /* buffio.c in Sources */ = {isa = PBXBuildFile; fileRef = C6F61FE91703E03B0073032E /* buffio.c */; };
		C6F620191703E03B0073032E /* charsets.c in Sources */ = {isa = PBXBuildFile; fileRef = C6F61FEA1703E03B0073032E /* charsets.c */; };
		C6F6201A1703E03B0073032E /* clean.c in Sources */ = {isa = PBXBuildFile; fileRef = C6F61FEC1703E03B0073032E /* clean.c */; };
		C6F6201B1703E03B0073032E /* config.c in Sources */ = {isa = PBXBuildFile; fileRef = C6F61FEE1703E03B0073032E /* config.c */; };
		C6F6201C1703E03B0073032E /* entities.c in Sources */ = {isa = PBXBuildFile; fileRef = C6F61FF01703E03B0073032E /* entities.c */; };
		C6F6201D1703E03B0073032E /* fileio.c in Sources */ = {isa = PBXBuildFile; fileRef = C6F61FF21703E03B0073032E /* fileio.c */; };
		C6F6201E1703E03B0073032E /* gdoc.c in Sources */ = {isa = PBXBuildFile; fileRef = C6F61FF51703E03B0073032E /* gdoc.c */; };
		C6F6201F1703E03B0073032E /* iconvtc.c in Sources */ = {isa = PBXBuildFile; fileRef = C6F61FF71703E03B0073032E /* iconvtc.c */; };
		C6F620201703E03B0073032E /* istack.c in Sources */ = {isa = PBXBuildFile; fileRef = C6F61FF91703E03B0073032E /* istack.c */; };
		C6F620211703E03C0073032E /* lexer.c in Sources */ = {isa = PBXBuildFile; fileRef = C6F61FFA1703E03B0073032E /* lexer.c */; };
		C6F620221703E03C0073032E /* localize.c in Sources */ = {isa = PBXBuildFile; fileRef = C6F61FFC1703E03B0073032E /* localize.c */; };
		C6F620231703E03C0073032E /* mappedio.c in Sources */ = {isa = PBXBuildFile; fileRef = C6F61FFD1703E03B0073032E /* mappedio.c */; };
		C6F620241703E03C0073032E /* parser.c in Sources */ = {isa = PBXBuildFile; fileRef = C6F620001703E03B0073032E /* parser.c */; };
		C6F620251703E03C0073032E /* pprint.c in Sources */ = {isa = PBXBuildFile; fileRef = C6F620021703E03B0073032E /* pprint.c */; };
		C6F620261703E03C0073032E /* streamio.c in Sources */ = {isa = PBXBuildFile; fileRef = C6F620041703E03B0073032E /* streamio.c */; };
		C6F620271703E03C0073032E /* tagask.c in Sources */ = {isa = PBXBuildFile; fileRef = C6F620061703E03B0073032E /* tagask.c */; };
		C6F620281703E03C0073032E /* tags.c in Sources */ = {isa = PBXBuildFile; fileRef = C6F620071703E03B0073032E /* tags.c */; };
		C6F620291703E03C0073032E /* tidylib.c in Sources */ = {isa = PBXBuildFile; fileRef = C6F6200A1703E03B0073032E /* tidylib.c */; };
		C6F6202A1703E03C0073032E /* tmbstr.c in Sources */ = {isa = PBXBuildFile; fileRef = C6F6200B1703E03B0073032E /* tmbstr.c */; };
		C6F6202B1703E03C0073032E /* utf8.c in Sources */ = {isa = PBXBuildFile; fileRef = C6F6200D1703E03B0073032E /* utf8.c */; };
		C6F6202C1703E03C0073032E /* win32tc.c in Sources */ = {isa = PBXBuildFile; fileRef = C6F620101703E03B0073032E /* win32tc.c */; };
		C6F620331703E0D40073032E /* buffio.h in CopyFiles */ = {isa = PBXBuildFile; fileRef = C6F6202E1703E0460073032E /* buffio.h */; };
		C6F620341703E0D60073032E /* platform.h in CopyFiles */ = {isa = PBXBuildFile; fileRef = C6F6202F1703E0460073032E /* platform.h */; };
		C6F620351703E0D80073032E /* tidy.h in CopyFiles */ = {isa = PBXBuildFile; fileRef = C6F620301703E0460073032E /* tidy.h */; };
		C6F620361703E0DA0073032E /* tidyenum.h in CopyFiles */ = {isa = PBXBuildFile; fileRef = C6F620311703E0460073032E /* tidyenum.h */; };
/* End PBXBuildFile section */

/* Begin PBXCopyFilesBuildPhase section */
		C6F61FCC1703DFC70073032E /* CopyFiles */ = {
			isa = PBXCopyFilesBuildPhase;
			buildActionMask = 2147483647;
			dstPath = include/tidy;
			dstSubfolderSpec = 16;
			files = (
				C6F620331703E0D40073032E /* buffio.h in CopyFiles */,
				C6F620341703E0D60073032E /* platform.h in CopyFiles */,
				C6F620351703E0D80073032E /* tidy.h in CopyFiles */,
				C6F620361703E0DA0073032E /* tidyenum.h in CopyFiles */,
			);
			runOnlyForDeploymentPostprocessing = 0;
		};
/* End PBXCopyFilesBuildPhase section */

/* Begin PBXFileReference section */
		C6F61FCE1703DFC70073032E /* libTidy.a */ = {isa = PBXFileReference; explicitFileType = archive.ar; includeInIndex = 0; path = libTidy.a; sourceTree = BUILT_PRODUCTS_DIR; };
		C6F61FE01703E03B0073032E /* access.c */ = {isa = PBXFileReference; fileEncoding = 4; lastKnownFileType = sourcecode.c.c; path = access.c; sourceTree = "<group>"; };
		C6F61FE11703E03B0073032E /* access.h */ = {isa = PBXFileReference; fileEncoding = 4; lastKnownFileType = sourcecode.c.h; path = access.h; sourceTree = "<group>"; };
		C6F61FE21703E03B0073032E /* alloc.c */ = {isa = PBXFileReference; fileEncoding = 4; lastKnownFileType = sourcecode.c.c; path = alloc.c; sourceTree = "<group>"; };
		C6F61FE31703E03B0073032E /* attrask.c */ = {isa = PBXFileReference; fileEncoding = 4; lastKnownFileType = sourcecode.c.c; path = attrask.c; sourceTree = "<group>"; };
		C6F61FE41703E03B0073032E /* attrdict.c */ = {isa = PBXFileReference; fileEncoding = 4; lastKnownFileType = sourcecode.c.c; path = attrdict.c; sourceTree = "<group>"; };
		C6F61FE51703E03B0073032E /* attrdict.h */ = {isa = PBXFileReference; fileEncoding = 4; lastKnownFileType = sourcecode.c.h; path = attrdict.h; sourceTree = "<group>"; };
		C6F61FE61703E03B0073032E /* attrget.c */ = {isa = PBXFileReference; fileEncoding = 4; lastKnownFileType = sourcecode.c.c; path = attrget.c; sourceTree = "<group>"; };
		C6F61FE71703E03B0073032E /* attrs.c */ = {isa = PBXFileReference; fileEncoding = 4; lastKnownFileType = sourcecode.c.c; path = attrs.c; sourceTree = "<group>"; };
		C6F61FE81703E03B0073032E /* attrs.h */ = {isa = PBXFileReference; fileEncoding = 4; lastKnownFileType = sourcecode.c.h; path = attrs.h; sourceTree = "<group>"; };
		C6F61FE91703E03B0073032E /* buffio.c */ = {isa = PBXFileReference; fileEncoding = 4; lastKnownFileType = sourcecode.c.c; path = buffio.c; sourceTree = "<group>"; };
		C6F61FEA1703E03B0073032E /* charsets.c */ = {isa = PBXFileReference; fileEncoding = 4; lastKnownFileType = sourcecode.c.c; path = charsets.c; sourceTree = "<group>"; };
		C6F61FEB1703E03B0073032E /* charsets.h */ = {isa = PBXFileReference; fileEncoding = 4; lastKnownFileType = sourcecode.c.h; path = charsets.h; sourceTree = "<group>"; };
		C6F61FEC1703E03B0073032E /* clean.c */ = {isa = PBXFileReference; fileEncoding = 4; lastKnownFileType = sourcecode.c.c; path = clean.c; sourceTree = "<group>"; };
		C6F61FED1703E03B0073032E /* clean.h */ = {isa = PBXFileReference; fileEncoding = 4; lastKnownFileType = sourcecode.c.h; path = clean.h; sourceTree = "<group>"; };
		C6F61FEE1703E03B0073032E /* config.c */ = {isa = PBXFileReference; fileEncoding = 4; lastKnownFileType = sourcecode.c.c; path = config.c; sourceTree = "<group>"; };
		C6F61FEF1703E03B0073032E /* config.h */ = {isa = PBXFileReference; fileEncoding = 4; lastKnownFileType = sourcecode.c.h; path = config.h; sourceTree = "<group>"; };
		C6F61FF01703E03B0073032E /* entities.c */ = {isa = PBXFileReference; fileEncoding = 4; lastKnownFileType = sourcecode.c.c; path = entities.c; sourceTree = "<group>"; };
		C6F61FF11703E03B0073032E /* entities.h */ = {isa = PBXFileReference; fileEncoding = 4; lastKnownFileType = sourcecode.c.h; path = entities.h; sourceTree = "<group>"; };
		C6F61FF21703E03B0073032E /* fileio.c */ = {isa = PBXFileReference; fileEncoding = 4; lastKnownFileType = sourcecode.c.c; path = fileio.c; sourceTree = "<group>"; };
		C6F61FF31703E03B0073032E /* fileio.h */ = {isa = PBXFileReference; fileEncoding = 4; lastKnownFileType = sourcecode.c.h; path = fileio.h; sourceTree = "<group>"; };
		C6F61FF41703E03B0073032E /* forward.h */ = {isa = PBXFileReference; fileEncoding = 4; lastKnownFileType = sourcecode.c.h; path = forward.h; sourceTree = "<group>"; };
		C6F61FF51703E03B0073032E /* gdoc.c */ = {isa = PBXFileReference; fileEncoding = 4; lastKnownFileType = sourcecode.c.c; path = gdoc.c; sourceTree = "<group>"; };
		C6F61FF61703E03B0073032E /* gdoc.h */ = {isa = PBXFileReference; fileEncoding = 4; lastKnownFileType = sourcecode.c.h; path = gdoc.h; sourceTree = "<group>"; };
		C6F61FF71703E03B0073032E /* iconvtc.c */ = {isa = PBXFileReference; fileEncoding = 4; lastKnownFileType = sourcecode.c.c; path = iconvtc.c; sourceTree = "<group>"; };
		C6F61FF81703E03B0073032E /* iconvtc.h */ = {isa = PBXFileReference; fileEncoding = 4; lastKnownFileType = sourcecode.c.h; path = iconvtc.h; sourceTree = "<group>"; };
		C6F61FF91703E03B0073032E /* istack.c */ = {isa = PBXFileReference; fileEncoding = 4; lastKnownFileType = sourcecode.c.c; path = istack.c; sourceTree = "<group>"; };
		C6F61FFA1703E03B0073032E /* lexer.c */ = {isa = PBXFileReference; fileEncoding = 4; lastKnownFileType = sourcecode.c.c; path = lexer.c; sourceTree = "<group>"; };
		C6F61FFB1703E03B0073032E /* lexer.h */ = {isa = PBXFileReference; fileEncoding = 4; lastKnownFileType = sourcecode.c.h; path = lexer.h; sourceTree = "<group>"; };
		C6F61FFC1703E03B0073032E /* localize.c */ = {isa = PBXFileReference; fileEncoding = 4; lastKnownFileType = sourcecode.c.c; path = localize.c; sourceTree = "<group>"; };
		C6F61FFD1703E03B0073032E /* mappedio.c */ = {isa = PBXFileReference; fileEncoding = 4; lastKnownFileType = sourcecode.c.c; path = mappedio.c; sourceTree = "<group>"; };
		C6F61FFE1703E03B0073032E /* mappedio.h */ = {isa = PBXFileReference; fileEncoding = 4; lastKnownFileType = sourcecode.c.h; path = mappedio.h; sourceTree = "<group>"; };
		C6F61FFF1703E03B0073032E /* message.h */ = {isa = PBXFileReference; fileEncoding = 4; lastKnownFileType = sourcecode.c.h; path = message.h; sourceTree = "<group>"; };
		C6F620001703E03B0073032E /* parser.c */ = {isa = PBXFileReference; fileEncoding = 4; lastKnownFileType = sourcecode.c.c; path = parser.c; sourceTree = "<group>"; };
		C6F620011703E03B0073032E /* parser.h */ = {isa = PBXFileReference; fileEncoding = 4; lastKnownFileType = sourcecode.c.h; path = parser.h; sourceTree = "<group>"; };
		C6F620021703E03B0073032E /* pprint.c */ = {isa = PBXFileReference; fileEncoding = 4; lastKnownFileType = sourcecode.c.c; path = pprint.c; sourceTree = "<group>"; };
		C6F620031703E03B0073032E /* pprint.h */ = {isa = PBXFileReference; fileEncoding = 4; lastKnownFileType = sourcecode.c.h; path = pprint.h; sourceTree = "<group>"; };
		C6F620041703E03B0073032E /* streamio.c */ = {isa = PBXFileReference; fileEncoding = 4; lastKnownFileType = sourcecode.c.c; path = streamio.c; sourceTree = "<group>"; };
		C6F620051703E03B0073032E /* streamio.h */ = {isa = PBXFileReference; fileEncoding = 4; lastKnownFileType = sourcecode.c.h; path = streamio.h; sourceTree = "<group>"; };
		C6F620061703E03B0073032E /* tagask.c */ = {isa = PBXFileReference; fileEncoding = 4; lastKnownFileType = sourcecode.c.c; path = tagask.c; sourceTree = "<group>"; };
		C6F620071703E03B0073032E /* tags.c */ = {isa = PBXFileReference; fileEncoding = 4; lastKnownFileType = sourcecode.c.c; path = tags.c; sourceTree = "<group>"; };
		C6F620081703E03B0073032E /* tags.h */ = {isa = PBXFileReference; fileEncoding = 4; lastKnownFileType = sourcecode.c.h; path = tags.h; sourceTree = "<group>"; };
		C6F620091703E03B0073032E /* tidy-int.h */ = {isa = PBXFileReference; fileEncoding = 4; lastKnownFileType = sourcecode.c.h; path = "tidy-int.h"; sourceTree = "<group>"; };
		C6F6200A1703E03B0073032E /* tidylib.c */ = {isa = PBXFileReference; fileEncoding = 4; lastKnownFileType = sourcecode.c.c; path = tidylib.c; sourceTree = "<group>"; };
		C6F6200B1703E03B0073032E /* tmbstr.c */ = {isa = PBXFileReference; fileEncoding = 4; lastKnownFileType = sourcecode.c.c; path = tmbstr.c; sourceTree = "<group>"; };
		C6F6200C1703E03B0073032E /* tmbstr.h */ = {isa = PBXFileReference; fileEncoding = 4; lastKnownFileType = sourcecode.c.h; path = tmbstr.h; sourceTree = "<group>"; };
		C6F6200D1703E03B0073032E /* utf8.c */ = {isa = PBXFileReference; fileEncoding = 4; lastKnownFileType = sourcecode.c.c; path = utf8.c; sourceTree = "<group>"; };
		C6F6200E1703E03B0073032E /* utf8.h */ = {isa = PBXFileReference; fileEncoding = 4; lastKnownFileType = sourcecode.c.h; path = utf8.h; sourceTree = "<group>"; };
		C6F6200F1703E03B0073032E /* version.h */ = {isa = PBXFileReference; fileEncoding = 4; lastKnownFileType = sourcecode.c.h; path = version.h; sourceTree = "<group>"; };
		C6F620101703E03B0073032E /* win32tc.c */ = {isa = PBXFileReference; fileEncoding = 4; lastKnownFileType = sourcecode.c.c; path = win32tc.c; sourceTree = "<group>"; };
		C6F620111703E03B0073032E /* win32tc.h */ = {isa = PBXFileReference; fileEncoding = 4; lastKnownFileType = sourcecode.c.h; path = win32tc.h; sourceTree = "<group>"; };
		C6F6202E1703E0460073032E /* buffio.h */ = {isa = PBXFileReference; fileEncoding = 4; lastKnownFileType = sourcecode.c.h; path = buffio.h; sourceTree = "<group>"; };
		C6F6202F1703E0460073032E /* platform.h */ = {isa = PBXFileReference; fileEncoding = 4; lastKnownFileType = sourcecode.c.h; path = platform.h; sourceTree = "<group>"; };
		C6F620301703E0460073032E /* tidy.h */ = {isa = PBXFileReference; fileEncoding = 4; lastKnownFileType = sourcecode.c.h; path = tidy.h; sourceTree = "<group>"; };
		C6F620311703E0460073032E /* tidyenum.h */ = {isa = PBXFileReference; fileEncoding = 4; lastKnownFileType = sourcecode.c.h; path = tidyenum.h; sourceTree = "<group>"; };
/* End PBXFileReference section */

/* Begin PBXFrameworksBuildPhase section */
		C6F61FCB1703DFC70073032E /* Frameworks */ = {
			isa = PBXFrameworksBuildPhase;
			buildActionMask = 2147483647;
			files = (
			);
			runOnlyForDeploymentPostprocessing = 0;
		};
/* End PBXFrameworksBuildPhase section */

/* Begin PBXGroup section */
		C6F61FC51703DFC70073032E = {
			isa = PBXGroup;
			children = (
				C6F61FD31703DFC70073032E /* Tidy */,
				C6F61FD01703DFC70073032E /* Frameworks */,
				C6F61FCF1703DFC70073032E /* Products */,
			);
			sourceTree = "<group>";
		};
		C6F61FCF1703DFC70073032E /* Products */ = {
			isa = PBXGroup;
			children = (
				C6F61FCE1703DFC70073032E /* libTidy.a */,
			);
			name = Products;
			sourceTree = "<group>";
		};
		C6F61FD01703DFC70073032E /* Frameworks */ = {
			isa = PBXGroup;
			children = (
			);
			name = Frameworks;
			sourceTree = "<group>";
		};
		C6F61FD31703DFC70073032E /* Tidy */ = {
			isa = PBXGroup;
			children = (
				C6F6202D1703E0460073032E /* include */,
				C6F61FDF1703E03B0073032E /* src */,
				C6F61FD41703DFC70073032E /* Supporting Files */,
			);
			path = Tidy;
			sourceTree = "<group>";
		};
		C6F61FD41703DFC70073032E /* Supporting Files */ = {
			isa = PBXGroup;
			children = (
			);
			name = "Supporting Files";
			sourceTree = "<group>";
		};
		C6F61FDF1703E03B0073032E /* src */ = {
			isa = PBXGroup;
			children = (
				C6F61FE01703E03B0073032E /* access.c */,
				C6F61FE11703E03B0073032E /* access.h */,
				C6F61FE21703E03B0073032E /* alloc.c */,
				C6F61FE31703E03B0073032E /* attrask.c */,
				C6F61FE41703E03B0073032E /* attrdict.c */,
				C6F61FE51703E03B0073032E /* attrdict.h */,
				C6F61FE61703E03B0073032E /* attrget.c */,
				C6F61FE71703E03B0073032E /* attrs.c */,
				C6F61FE81703E03B0073032E /* attrs.h */,
				C6F61FE91703E03B0073032E /* buffio.c */,
				C6F61FEA1703E03B0073032E /* charsets.c */,
				C6F61FEB1703E03B0073032E /* charsets.h */,
				C6F61FEC1703E03B0073032E /* clean.c */,
				C6F61FED1703E03B0073032E /* clean.h */,
				C6F61FEE1703E03B0073032E /* config.c */,
				C6F61FEF1703E03B0073032E /* config.h */,
				C6F61FF01703E03B0073032E /* entities.c */,
				C6F61FF11703E03B0073032E /* entities.h */,
				C6F61FF21703E03B0073032E /* fileio.c */,
				C6F61FF31703E03B0073032E /* fileio.h */,
				C6F61FF41703E03B0073032E /* forward.h */,
				C6F61FF51703E03B0073032E /* gdoc.c */,
				C6F61FF61703E03B0073032E /* gdoc.h */,
				C6F61FF71703E03B0073032E /* iconvtc.c */,
				C6F61FF81703E03B0073032E /* iconvtc.h */,
				C6F61FF91703E03B0073032E /* istack.c */,
				C6F61FFA1703E03B0073032E /* lexer.c */,
				C6F61FFB1703E03B0073032E /* lexer.h */,
				C6F61FFC1703E03B0073032E /* localize.c */,
				C6F61FFD1703E03B0073032E /* mappedio.c */,
				C6F61FFE1703E03B0073032E /* mappedio.h */,
				C6F61FFF1703E03B0073032E /* message.h */,
				C6F620001703E03B0073032E /* parser.c */,
				C6F620011703E03B0073032E /* parser.h */,
				C6F620021703E03B0073032E /* pprint.c */,
				C6F620031703E03B0073032E /* pprint.h */,
				C6F620041703E03B0073032E /* streamio.c */,
				C6F620051703E03B0073032E /* streamio.h */,
				C6F620061703E03B0073032E /* tagask.c */,
				C6F620071703E03B0073032E /* tags.c */,
				C6F620081703E03B0073032E /* tags.h */,
				C6F620091703E03B0073032E /* tidy-int.h */,
				C6F6200A1703E03B0073032E /* tidylib.c */,
				C6F6200B1703E03B0073032E /* tmbstr.c */,
				C6F6200C1703E03B0073032E /* tmbstr.h */,
				C6F6200D1703E03B0073032E /* utf8.c */,
				C6F6200E1703E03B0073032E /* utf8.h */,
				C6F6200F1703E03B0073032E /* version.h */,
				C6F620101703E03B0073032E /* win32tc.c */,
				C6F620111703E03B0073032E /* win32tc.h */,
			);
			name = src;
			path = ../../../src;
			sourceTree = "<group>";
		};
		C6F6202D1703E0460073032E /* include */ = {
			isa = PBXGroup;
			children = (
				C6F6202E1703E0460073032E /* buffio.h */,
				C6F6202F1703E0460073032E /* platform.h */,
				C6F620301703E0460073032E /* tidy.h */,
				C6F620311703E0460073032E /* tidyenum.h */,
			);
			name = include;
			path = ../../../include;
			sourceTree = "<group>";
		};
/* End PBXGroup section */

/* Begin PBXNativeTarget section */
		C6F61FCD1703DFC70073032E /* tidy */ = {
			isa = PBXNativeTarget;
			buildConfigurationList = C6F61FDC1703DFC70073032E /* Build configuration list for PBXNativeTarget "tidy" */;
			buildPhases = (
				C6F61FCA1703DFC70073032E /* Sources */,
				C6F61FCB1703DFC70073032E /* Frameworks */,
				C6F61FCC1703DFC70073032E /* CopyFiles */,
			);
			buildRules = (
			);
			dependencies = (
			);
			name = tidy;
			productName = Tidy;
			productReference = C6F61FCE1703DFC70073032E /* libTidy.a */;
			productType = "com.apple.product-type.library.static";
		};
/* End PBXNativeTarget section */

/* Begin PBXProject section */
		C6F61FC61703DFC70073032E /* Project object */ = {
			isa = PBXProject;
			attributes = {
				LastUpgradeCheck = 0460;
				ORGANIZATIONNAME = MailCore;
			};
			buildConfigurationList = C6F61FC91703DFC70073032E /* Build configuration list for PBXProject "Tidy" */;
			compatibilityVersion = "Xcode 3.2";
			developmentRegion = English;
			hasScannedForEncodings = 0;
			knownRegions = (
				en,
			);
			mainGroup = C6F61FC51703DFC70073032E;
			productRefGroup = C6F61FCF1703DFC70073032E /* Products */;
			projectDirPath = "";
			projectRoot = "";
			targets = (
				C6F61FCD1703DFC70073032E /* tidy */,
			);
		};
/* End PBXProject section */

/* Begin PBXSourcesBuildPhase section */
		C6F61FCA1703DFC70073032E /* Sources */ = {
			isa = PBXSourcesBuildPhase;
			buildActionMask = 2147483647;
			files = (
				C6F620121703E03B0073032E /* access.c in Sources */,
				C6F620131703E03B0073032E /* alloc.c in Sources */,
				C6F620141703E03B0073032E /* attrask.c in Sources */,
				C6F620151703E03B0073032E /* attrdict.c in Sources */,
				C6F620161703E03B0073032E /* attrget.c in Sources */,
				C6F620171703E03B0073032E /* attrs.c in Sources */,
				C6F620181703E03B0073032E /* buffio.c in Sources */,
				C6F620191703E03B0073032E /* charsets.c in Sources */,
				C6F6201A1703E03B0073032E /* clean.c in Sources */,
				C6F6201B1703E03B0073032E /* config.c in Sources */,
				C6F6201C1703E03B0073032E /* entities.c in Sources */,
				C6F6201D1703E03B0073032E /* fileio.c in Sources */,
				C6F6201E1703E03B0073032E /* gdoc.c in Sources */,
				C6F6201F1703E03B0073032E /* iconvtc.c in Sources */,
				C6F620201703E03B0073032E /* istack.c in Sources */,
				C6F620211703E03C0073032E /* lexer.c in Sources */,
				C6F620221703E03C0073032E /* localize.c in Sources */,
				C6F620231703E03C0073032E /* mappedio.c in Sources */,
				C6F620241703E03C0073032E /* parser.c in Sources */,
				C6F620251703E03C0073032E /* pprint.c in Sources */,
				C6F620261703E03C0073032E /* streamio.c in Sources */,
				C6F620271703E03C0073032E /* tagask.c in Sources */,
				C6F620281703E03C0073032E /* tags.c in Sources */,
				C6F620291703E03C0073032E /* tidylib.c in Sources */,
				C6F6202A1703E03C0073032E /* tmbstr.c in Sources */,
				C6F6202B1703E03C0073032E /* utf8.c in Sources */,
				C6F6202C1703E03C0073032E /* win32tc.c in Sources */,
			);
			runOnlyForDeploymentPostprocessing = 0;
		};
/* End PBXSourcesBuildPhase section */

/* Begin XCBuildConfiguration section */
		C6F61FDA1703DFC70073032E /* Debug */ = {
			isa = XCBuildConfiguration;
			buildSettings = {
				ALWAYS_SEARCH_USER_PATHS = NO;
				CLANG_CXX_LANGUAGE_STANDARD = "gnu++0x";
				CLANG_CXX_LIBRARY = "libc++";
				CLANG_WARN_CONSTANT_CONVERSION = YES;
				CLANG_WARN_EMPTY_BODY = YES;
				CLANG_WARN_ENUM_CONVERSION = YES;
				CLANG_WARN_INT_CONVERSION = YES;
				CLANG_WARN__DUPLICATE_METHOD_MATCH = YES;
				COPY_PHASE_STRIP = NO;
				GCC_C_LANGUAGE_STANDARD = gnu99;
				GCC_DYNAMIC_NO_PIC = NO;
				GCC_OPTIMIZATION_LEVEL = 0;
				GCC_PREPROCESSOR_DEFINITIONS = (
					"DEBUG=1",
					"$(inherited)",
				);
				GCC_SYMBOLS_PRIVATE_EXTERN = NO;
				GCC_WARN_ABOUT_RETURN_TYPE = YES;
				GCC_WARN_UNINITIALIZED_AUTOS = YES;
				GCC_WARN_UNUSED_VARIABLE = YES;
				IPHONEOS_DEPLOYMENT_TARGET = 6.1;
				ONLY_ACTIVE_ARCH = YES;
				SDKROOT = iphoneos;
			};
			name = Debug;
		};
		C6F61FDB1703DFC70073032E /* Release */ = {
			isa = XCBuildConfiguration;
			buildSettings = {
				ALWAYS_SEARCH_USER_PATHS = NO;
				CLANG_CXX_LANGUAGE_STANDARD = "gnu++0x";
				CLANG_CXX_LIBRARY = "libc++";
				CLANG_WARN_CONSTANT_CONVERSION = YES;
				CLANG_WARN_EMPTY_BODY = YES;
				CLANG_WARN_ENUM_CONVERSION = YES;
				CLANG_WARN_INT_CONVERSION = YES;
				CLANG_WARN__DUPLICATE_METHOD_MATCH = YES;
				COPY_PHASE_STRIP = YES;
				GCC_C_LANGUAGE_STANDARD = gnu99;
				GCC_WARN_ABOUT_RETURN_TYPE = YES;
				GCC_WARN_UNINITIALIZED_AUTOS = YES;
				GCC_WARN_UNUSED_VARIABLE = YES;
				IPHONEOS_DEPLOYMENT_TARGET = 6.1;
				SDKROOT = iphoneos;
				VALIDATE_PRODUCT = YES;
			};
			name = Release;
		};
		C6F61FDD1703DFC70073032E /* Debug */ = {
			isa = XCBuildConfiguration;
			buildSettings = {
				DSTROOT = /tmp/Tidy.dst;
				PRODUCT_NAME = "$(TARGET_NAME)";
				SKIP_INSTALL = YES;
			};
			name = Debug;
		};
		C6F61FDE1703DFC70073032E /* Release */ = {
			isa = XCBuildConfiguration;
			buildSettings = {
				DSTROOT = /tmp/Tidy.dst;
				PRODUCT_NAME = "$(TARGET_NAME)";
				SKIP_INSTALL = YES;
			};
			name = Release;
		};
/* End XCBuildConfiguration section */

/* Begin XCConfigurationList section */
		C6F61FC91703DFC70073032E /* Build configuration list for PBXProject "Tidy" */ = {
			isa = XCConfigurationList;
			buildConfigurations = (
				C6F61FDA1703DFC70073032E /* Debug */,
				C6F61FDB1703DFC70073032E /* Release */,
			);
			defaultConfigurationIsVisible = 0;
			defaultConfigurationName = Release;
		};
		C6F61FDC1703DFC70073032E /* Build configuration list for PBXNativeTarget "tidy" */ = {
			isa = XCConfigurationList;
			buildConfigurations = (
				C6F61FDD1703DFC70073032E /* Debug */,
				C6F61FDE1703DFC70073032E /* Release */,
			);
			defaultConfigurationIsVisible = 0;
			defaultConfigurationName = Release;
		};
/* End XCConfigurationList section */
	};
	rootObject = C6F61FC61703DFC70073032E /* Project object */;
}
